PODS:
  - Alamofire (5.5.0)
  - AlamofireImage (4.1.0):
    - Alamofire (~> 5.1)
  - Realm (10.22.0):
    - Realm/Headers (= 10.22.0)
  - Realm/Headers (10.22.0)
  - RealmSwift (10.22.0):
    - Realm (= 10.22.0)

DEPENDENCIES:
  - Alamofire
  - AlamofireImage (~> 4.1.0)
  - RealmSwift

SPEC REPOS:
  trunk:
    - Alamofire
    - AlamofireImage
    - Realm
    - RealmSwift

SPEC CHECKSUMS:
  Alamofire: 1c4fb5369c3fe93d2857c780d8bbe09f06f97e7c
  AlamofireImage: c4a2ba349885fb3064feb74d2e547bd42ce9be10
  Realm: d9e4e5877095a6722145811f56fe89a531c9659d
  RealmSwift: e4191b4b957fcfcbed23751ec65eec98f8173ab5

PODFILE CHECKSUM: 2cd51a6aa60078a16e9fe0564f5f6b1049667e4b

COCOAPODS: 1.11.2
